
Microsoft Visual Studio Solution File, Format Version 12.00
# Visual Studio Version 17
VisualStudioVersion = 17.2.32630.192
MinimumVisualStudioVersion = 10.0.40219.1
Project("{FAE04EC0-301F-11D3-BF4B-00C04F79EFBC}") = "Test.WebApi", "Test.WebApi\Test.WebApi.csproj", "{C4D6F43C-3C2F-4322-81F5-710D7A3C0713}"
EndProject
Project("{9A19103F-16F7-4668-BE54-9A1E7A4F7556}") = "Test.Infrastructure", "Test.Infrastructure\Test.Infrastructure.csproj", "{C67E20FD-BFEB-4F8D-B320-5886A58D201D}"
EndProject
Project("{9A19103F-16F7-4668-BE54-9A1E7A4F7556}") = "Test.Application", "Test.Application\Test.Application.csproj", "{BDD4561A-276D-4903-8EE1-9A1FFAE7FA1D}"
EndProject
Project("{9A19103F-16F7-4668-BE54-9A1E7A4F7556}") = "Test.Models", "Test.Models\Test.Models.csproj", "{D8768559-CCDF-4E3B-9980-46D930FDBBA0}"
EndProject
Global
	GlobalSection(SolutionConfigurationPlatforms) = preSolution
		Debug|Any CPU = Debug|Any CPU
		Release|Any CPU = Release|Any CPU
	EndGlobalSection
	GlobalSection(ProjectConfigurationPlatforms) = postSolution
		{C4D6F43C-3C2F-4322-81F5-710D7A3C0713}.Debug|Any CPU.ActiveCfg = Debug|Any CPU
		{C4D6F43C-3C2F-4322-81F5-710D7A3C0713}.Debug|Any CPU.Build.0 = Debug|Any CPU
		{C4D6F43C-3C2F-4322-81F5-710D7A3C0713}.Release|Any CPU.ActiveCfg = Release|Any CPU
		{C4D6F43C-3C2F-4322-81F5-710D7A3C0713}.Release|Any CPU.Build.0 = Release|Any CPU
		{C67E20FD-BFEB-4F8D-B320-5886A58D201D}.Debug|Any CPU.ActiveCfg = Debug|Any CPU
		{C67E20FD-BFEB-4F8D-B320-5886A58D201D}.Debug|Any CPU.Build.0 = Debug|Any CPU
		{C67E20FD-BFEB-4F8D-B320-5886A58D201D}.Release|Any CPU.ActiveCfg = Release|Any CPU
		{C67E20FD-BFEB-4F8D-B320-5886A58D201D}.Release|Any CPU.Build.0 = Release|Any CPU
		{BDD4561A-276D-4903-8EE1-9A1FFAE7FA1D}.Debug|Any CPU.ActiveCfg = Debug|Any CPU
		{BDD4561A-276D-4903-8EE1-9A1FFAE7FA1D}.Debug|Any CPU.Build.0 = Debug|Any CPU
		{BDD4561A-276D-4903-8EE1-9A1FFAE7FA1D}.Release|Any CPU.ActiveCfg = Release|Any CPU
		{BDD4561A-276D-4903-8EE1-9A1FFAE7FA1D}.Release|Any CPU.Build.0 = Release|Any CPU
		{D8768559-CCDF-4E3B-9980-46D930FDBBA0}.Debug|Any CPU.ActiveCfg = Debug|Any CPU
		{D8768559-CCDF-4E3B-9980-46D930FDBBA0}.Debug|Any CPU.Build.0 = Debug|Any CPU
		{D8768559-CCDF-4E3B-9980-46D930FDBBA0}.Release|Any CPU.ActiveCfg = Release|Any CPU
		{D8768559-CCDF-4E3B-9980-46D930FDBBA0}.Release|Any CPU.Build.0 = Release|Any CPU
	EndGlobalSection
	GlobalSection(SolutionProperties) = preSolution
		HideSolutionNode = FALSE
	EndGlobalSection
	GlobalSection(ExtensibilityGlobals) = postSolution
		SolutionGuid = {C8ED450F-89A8-40AE-9722-35B1804FFBB7}
	EndGlobalSection
EndGlobal
